buf.build/gen/go/otherlode/otherlode/protocolbuffers/go v1.36.12-20261004114336-6678da8b5667.2 h1:pbrAQ2Po34PoWWka5SQbG7A1/5N1vP/h3skX7eYwwYU=
buf.build/gen/go/otherlode/otherlode/protocolbuffers/go v1.36.12-20261004114336-6678da8b5667.2/go.mod h1:yi9G4+iayXI4ynW7qqgZj+OUiXPsrkhDMuUau/Lu1M0=
buf.build/gen/go/otherlode/otherlode/protocolbuffers/go v1.36.12-20261004224552-582df6f78711.2 h1:bvOSC+El60g1vr6hWr7hDVtCkB8K2A+l6rnE+BlabjI=
buf.build/gen/go/otherlode/otherlode/protocolbuffers/go v1.36.12-20261004224552-582df6f78711.2/go.mod h1:yi9G4+iayXI4ynW7qqgZj+OUiXPsrkhDMuUau/Lu1M0=
buf.build/gen/go/otherlode/otherlode/protocolbuffers/go v1.36.12-20261006202525-25e52d63b5a4.2 h1:FGmkCYyd4VYAaAt//NNKsI20bnVqSvWFe4DjffusEKo=
buf.build/gen/go/otherlode/otherlode/protocolbuffers/go v1.36.12-20261006202525-25e52d63b5a4.2/go.mod h1:yi9G4+iayXI4ynW7qqgZj+OUiXPsrkhDMuUau/Lu1M0=
github.com/google/go-cmp v0.7.0 h1:wk8382ETsv4JYUZwIsn6YpYiWiBsYLSJiTsyBybVuN8=
github.com/google/go-cmp v0.7.0/go.mod h1:pXiqmnSA92OHEEa9HXL2W4E7lf9JzCmGVUdgjX3N/iU=
golang.org/x/time v0.16.0 h1:vMb6ptszcQMkcwiRTAuNNU50gom6++Q/6gY2hDM6VDE=
golang.org/x/time v0.16.0/go.mod h1:rVKOqvZeKvrDKTQiAHJ7wmwP0RzleSphoEA9RcdLA0s=
google.golang.org/protobuf v1.36.12 h1:pJOKDDOyeXErUroCihFAd5LQuwXBSpVnKGrj5o/fwxc=
google.golang.org/protobuf v1.36.12/go.mod h1:HTf+CrKn2C3g5S8VImy6tdcUvCska2kB7j23XfzDpco=
